
Microsoft Visual Studio Solution File, Format Version 12.00
# Visual Studio Version 17
VisualStudioVersion = 17.4.33110.190
MinimumVisualStudioVersion = 10.0.40219.1
Project("{FAE04EC0-301F-11D3-BF4B-00C04F79EFBC}") = "API_EFCoreDbFirst", "API_EFCoreDbFirst\API_EFCoreDbFirst.csproj", "{806BB001-D0E2-4374-95FD-6239852D5F24}"
EndProject
Global
	GlobalSection(SolutionConfigurationPlatforms) = preSolution
		Debug|Any CPU = Debug|Any CPU
		Release|Any CPU = Release|Any CPU
	EndGlobalSection
	GlobalSection(ProjectConfigurationPlatforms) = postSolution
		{806BB001-D0E2-4374-95FD-6239852D5F24}.Debug|Any CPU.ActiveCfg = Debug|Any CPU
		{806BB001-D0E2-4374-95FD-6239852D5F24}.Debug|Any CPU.Build.0 = Debug|Any CPU
		{806BB001-D0E2-4374-95FD-6239852D5F24}.Release|Any CPU.ActiveCfg = Release|Any CPU
		{806BB001-D0E2-4374-95FD-6239852D5F24}.Release|Any CPU.Build.0 = Release|Any CPU
	EndGlobalSection
	GlobalSection(SolutionProperties) = preSolution
		HideSolutionNode = FALSE
	EndGlobalSection
	GlobalSection(ExtensibilityGlobals) = postSolution
		SolutionGuid = {F505EEE6-20CE-4DB0-B878-875EDB348E94}
	EndGlobalSection
EndGlobal
